
Microsoft Visual Studio Solution File, Format Version 12.00
# Visual Studio 15
VisualStudioVersion = 15.0.28010.2003
MinimumVisualStudioVersion = 10.0.40219.1
Project("{8BC9CEB8-8B4A-11D0-8D11-00A0C91BC942}") = "OpenGL Game", "Project1\Project1.vcxproj", "{78D92484-12CF-468C-BBBB-AAD5B6B77173}"
EndProject
Global
	GlobalSection(SolutionConfigurationPlatforms) = preSolution
		Debug|x64 = Debug|x64
		Debug|x86 = Debug|x86
		Release|x64 = Release|x64
		Release|x86 = Release|x86
	EndGlobalSection
	GlobalSection(ProjectConfigurationPlatforms) = postSolution
		{78D92484-12CF-468C-BBBB-AAD5B6B77173}.Debug|x64.ActiveCfg = Debug|x64
		{78D92484-12CF-468C-BBBB-AAD5B6B77173}.Debug|x64.Build.0 = Debug|x64
		{78D92484-12CF-468C-BBBB-AAD5B6B77173}.Debug|x86.ActiveCfg = Debug|Win32
		{78D92484-12CF-468C-BBBB-AAD5B6B77173}.Debug|x86.Build.0 = Debug|Win32
		{78D92484-12CF-468C-BBBB-AAD5B6B77173}.Release|x64.ActiveCfg = Release|x64
		{78D92484-12CF-468C-BBBB-AAD5B6B77173}.Release|x64.Build.0 = Release|x64
		{78D92484-12CF-468C-BBBB-AAD5B6B77173}.Release|x86.ActiveCfg = Release|Win32
		{78D92484-12CF-468C-BBBB-AAD5B6B77173}.Release|x86.Build.0 = Release|Win32
	EndGlobalSection
	GlobalSection(SolutionProperties) = preSolution
		HideSolutionNode = FALSE
	EndGlobalSection
	GlobalSection(ExtensibilityGlobals) = postSolution
		SolutionGuid = {AFF16E34-01D3-4254-A893-DCA48220CD80}
	EndGlobalSection
EndGlobal
